
Microsoft Visual Studio Solution File, Format Version 12.00
# Visual Studio Version 16
VisualStudioVersion = 16.0.28803.202
MinimumVisualStudioVersion = 10.0.40219.1
Project("{FAE04EC0-301F-11D3-BF4B-00C04F79EFBC}") = "FlatEarth.Framework", "FlatEarth.Framework\FlatEarth.Framework.csproj", "{D88C951F-57A0-4F8D-99DD-1A579F4272C0}"
EndProject
Project("{FAE04EC0-301F-11D3-BF4B-00C04F79EFBC}") = "FlatEarth.Testing", "FlatEarth.Testing\FlatEarth.Testing.csproj", "{EE0A4A03-3437-462F-9945-10398BC9FC49}"
EndProject
Global
	GlobalSection(SolutionConfigurationPlatforms) = preSolution
		Debug|Any CPU = Debug|Any CPU
		Release|Any CPU = Release|Any CPU
	EndGlobalSection
	GlobalSection(ProjectConfigurationPlatforms) = postSolution
		{D88C951F-57A0-4F8D-99DD-1A579F4272C0}.Debug|Any CPU.ActiveCfg = Debug|Any CPU
		{D88C951F-57A0-4F8D-99DD-1A579F4272C0}.Debug|Any CPU.Build.0 = Debug|Any CPU
		{D88C951F-57A0-4F8D-99DD-1A579F4272C0}.Release|Any CPU.ActiveCfg = Release|Any CPU
		{D88C951F-57A0-4F8D-99DD-1A579F4272C0}.Release|Any CPU.Build.0 = Release|Any CPU
		{EE0A4A03-3437-462F-9945-10398BC9FC49}.Debug|Any CPU.ActiveCfg = Debug|Any CPU
		{EE0A4A03-3437-462F-9945-10398BC9FC49}.Debug|Any CPU.Build.0 = Debug|Any CPU
		{EE0A4A03-3437-462F-9945-10398BC9FC49}.Release|Any CPU.ActiveCfg = Release|Any CPU
		{EE0A4A03-3437-462F-9945-10398BC9FC49}.Release|Any CPU.Build.0 = Release|Any CPU
	EndGlobalSection
	GlobalSection(SolutionProperties) = preSolution
		HideSolutionNode = FALSE
	EndGlobalSection
	GlobalSection(ExtensibilityGlobals) = postSolution
		SolutionGuid = {1C28712A-2120-4A58-B36C-A3992F33AB40}
	EndGlobalSection
EndGlobal
